# This file is automatically @generated by Cargo.
# It is not intended for manual editing.
version = 4

[[package]]
name = "use-control"
version = "0.0.1"
dependencies = [
 "use-control-error",
 "use-control-signal",
 "use-feedback",
 "use-pid",
 "use-setpoint",
 "use-stability",
 "use-system-response",
]

[[package]]
name = "use-control-error"
version = "0.0.1"

[[package]]
name = "use-control-signal"
version = "0.0.1"

[[package]]
name = "use-feedback"
version = "0.0.1"

[[package]]
name = "use-pid"
version = "0.0.1"

[[package]]
name = "use-setpoint"
version = "0.0.1"

[[package]]
name = "use-stability"
version = "0.0.1"

[[package]]
name = "use-system-response"
version = "0.0.1"
